Microsoft Visual Studio Solution File, Format Version 12.00
# Visual Studio Version 17
VisualStudioVersion = 17.5.2.0
MinimumVisualStudioVersion = 10.0.40219.1
Project("{FAE04EC0-301F-11D3-BF4B-00C04F79EFBC}") = "university_management", "university_management.csproj", "{8BC29DDA-0013-92FD-425C-1FB8E032CCA5}"
EndProject
Global
	GlobalSection(SolutionConfigurationPlatforms) = preSolution
		Debug|Any CPU = Debug|Any CPU
		Release|Any CPU = Release|Any CPU
	EndGlobalSection
	GlobalSection(ProjectConfigurationPlatforms) = postSolution
		{8BC29DDA-0013-92FD-425C-1FB8E032CCA5}.Debug|Any CPU.ActiveCfg = Debug|Any CPU
		{8BC29DDA-0013-92FD-425C-1FB8E032CCA5}.Debug|Any CPU.Build.0 = Debug|Any CPU
		{8BC29DDA-0013-92FD-425C-1FB8E032CCA5}.Release|Any CPU.ActiveCfg = Release|Any CPU
		{8BC29DDA-0013-92FD-425C-1FB8E032CCA5}.Release|Any CPU.Build.0 = Release|Any CPU
	EndGlobalSection
	GlobalSection(SolutionProperties) = preSolution
		HideSolutionNode = FALSE
	EndGlobalSection
	GlobalSection(ExtensibilityGlobals) = postSolution
		SolutionGuid = {8353135F-FEF5-491F-9657-FE20D9C37067}
	EndGlobalSection
EndGlobal
